
Microsoft Visual Studio Solution File, Format Version 12.00
# Visual Studio Version 17
VisualStudioVersion = 17.0.31903.59
MinimumVisualStudioVersion = 10.0.40219.1
Project("{FAE04EC0-301F-11D3-BF4B-00C04F79EFBC}") = "CrunchiVote.Domain", "CrunchiVote.Domain\CrunchiVote.Domain.csproj", "{7FB56604-58B1-41A2-BEB4-C3698260BC08}"
EndProject
Project("{FAE04EC0-301F-11D3-BF4B-00C04F79EFBC}") = "CrunchiVote.Shared", "CrunchiVote.Shared\CrunchiVote.Shared.csproj", "{CBF471E2-1B6F-4BA1-B0D0-1DDDF5D6CF11}"
EndProject
Project("{FAE04EC0-301F-11D3-BF4B-00C04F79EFBC}") = "CrunchiVote.Service", "CrunchiVote.Service\CrunchiVote.Service.csproj", "{4A5CBF6F-AD9A-4817-A6E4-47C9726EF74D}"
EndProject
Global
	GlobalSection(SolutionConfigurationPlatforms) = preSolution
		Debug|Any CPU = Debug|Any CPU
		Release|Any CPU = Release|Any CPU
	EndGlobalSection
	GlobalSection(SolutionProperties) = preSolution
		HideSolutionNode = FALSE
	EndGlobalSection
	GlobalSection(ProjectConfigurationPlatforms) = postSolution
		{7FB56604-58B1-41A2-BEB4-C3698260BC08}.Debug|Any CPU.ActiveCfg = Debug|Any CPU
		{7FB56604-58B1-41A2-BEB4-C3698260BC08}.Debug|Any CPU.Build.0 = Debug|Any CPU
		{7FB56604-58B1-41A2-BEB4-C3698260BC08}.Release|Any CPU.ActiveCfg = Release|Any CPU
		{7FB56604-58B1-41A2-BEB4-C3698260BC08}.Release|Any CPU.Build.0 = Release|Any CPU
		{CBF471E2-1B6F-4BA1-B0D0-1DDDF5D6CF11}.Debug|Any CPU.ActiveCfg = Debug|Any CPU
		{CBF471E2-1B6F-4BA1-B0D0-1DDDF5D6CF11}.Debug|Any CPU.Build.0 = Debug|Any CPU
		{CBF471E2-1B6F-4BA1-B0D0-1DDDF5D6CF11}.Release|Any CPU.ActiveCfg = Release|Any CPU
		{CBF471E2-1B6F-4BA1-B0D0-1DDDF5D6CF11}.Release|Any CPU.Build.0 = Release|Any CPU
		{4A5CBF6F-AD9A-4817-A6E4-47C9726EF74D}.Debug|Any CPU.ActiveCfg = Debug|Any CPU
		{4A5CBF6F-AD9A-4817-A6E4-47C9726EF74D}.Debug|Any CPU.Build.0 = Debug|Any CPU
		{4A5CBF6F-AD9A-4817-A6E4-47C9726EF74D}.Release|Any CPU.ActiveCfg = Release|Any CPU
		{4A5CBF6F-AD9A-4817-A6E4-47C9726EF74D}.Release|Any CPU.Build.0 = Release|Any CPU
	EndGlobalSection
EndGlobal
